// !$*UTF8*$!
{
	archiveVersion = 1;
	classes = {
	};
	objectVersion = 46;
	objects = {

/* Begin PBXBuildFile section */
		BE36430E1A93967300309467 /* AppDelegate.swift in Sources */ = {isa = PBXBuildFile; fileRef = BE36430D1A93967300309467 /* AppDelegate.swift */; };
		BE3643111A93967300309467 /* HitList.xcdatamodeld in Sources */ = {isa = PBXBuildFile; fileRef = BE36430F1A93967300309467 /* HitList.xcdatamodeld */; };
		BE3643131A93967300309467 /* ViewController.swift in Sources */ = {isa = PBXBuildFile; fileRef = BE3643121A93967300309467 /* ViewController.swift */; };
		BE3643161A93967300309467 /* Main.storyboard in Resources */ = {isa = PBXBuildFile; fileRef = BE3643141A93967300309467 /* Main.storyboard */; };
		BE3643181A93967300309467 /* Images.xcassets in Resources */ = {isa = PBXBuildFile; fileRef = BE3643171A93967300309467 /* Images.xcassets */; };
		BE36431B1A93967300309467 /* LaunchScreen.xib in Resources */ = {isa = PBXBuildFile; fileRef = BE3643191A93967300309467 /* LaunchScreen.xib */; };
		BE3643271A93967300309467 /* HitListTests.swift in Sources */ = {isa = PBXBuildFile; fileRef = BE3643261A93967300309467 /* HitListTests.swift */; };
		BE8441751A962356005B0C08 /* CoreDataStack.swift in Sources */ = {isa = PBXBuildFile; fileRef = BE8441741A962356005B0C08 /* CoreDataStack.swift */; };
/* End PBXBuildFile section */

/* Begin PBXContainerItemProxy section */
		BE3643211A93967300309467 /* PBXContainerItemProxy */ = {
			isa = PBXContainerItemProxy;
			containerPortal = BE3643001A93967300309467 /* Project object */;
			proxyType = 1;
			remoteGlobalIDString = BE3643071A93967300309467;
			remoteInfo = HitList;
		};
/* End PBXContainerItemProxy section */

/* Begin PBXFileReference section */
		BE3643081A93967300309467 /* HitList.app */ = {isa = PBXFileReference; explicitFileType = wrapper.application; includeInIndex = 0; path = HitList.app; sourceTree = BUILT_PRODUCTS_DIR; };
		BE36430C1A93967300309467 /* Info.plist */ = {isa = PBXFileReference; lastKnownFileType = text.plist.xml; path = Info.plist; sourceTree = "<group>"; };
		BE36430D1A93967300309467 /* AppDelegate.swift */ = {isa = PBXFileReference; lastKnownFileType = sourcecode.swift; path = AppDelegate.swift; sourceTree = "<group>"; };
		BE3643101A93967300309467 /* HitList.xcdatamodel */ = {isa = PBXFileReference; lastKnownFileType = wrapper.xcdatamodel; path = HitList.xcdatamodel; sourceTree = "<group>"; };
		BE3643121A93967300309467 /* ViewController.swift */ = {isa = PBXFileReference; lastKnownFileType = sourcecode.swift; path = ViewController.swift; sourceTree = "<group>"; };
		BE3643151A93967300309467 /* Base */ = {isa = PBXFileReference; lastKnownFileType = file.storyboard; name = Base; path = Base.lproj/Main.storyboard; sourceTree = "<group>"; };
		BE3643171A93967300309467 /* Images.xcassets */ = {isa = PBXFileReference; lastKnownFileType = folder.assetcatalog; path = Images.xcassets; sourceTree = "<group>"; };
		BE36431A1A93967300309467 /* Base */ = {isa = PBXFileReference; lastKnownFileType = file.xib; name = Base; path = Base.lproj/LaunchScreen.xib; sourceTree = "<group>"; };
		BE3643201A93967300309467 /* HitListTests.xctest */ = {isa = PBXFileReference; explicitFileType = wrapper.cfbundle; includeInIndex = 0; path = HitListTests.xctest; sourceTree = BUILT_PRODUCTS_DIR; };
		BE3643251A93967300309467 /* Info.plist */ = {isa = PBXFileReference; lastKnownFileType = text.plist.xml; path = Info.plist; sourceTree = "<group>"; };
		BE3643261A93967300309467 /* HitListTests.swift */ = {isa = PBXFileReference; lastKnownFileType = sourcecode.swift; path = HitListTests.swift; sourceTree = "<group>"; };
		BE8441741A962356005B0C08 /* CoreDataStack.swift */ = {isa = PBXFileReference; fileEncoding = 4; lastKnownFileType = sourcecode.swift; path = CoreDataStack.swift; sourceTree = "<group>"; };
/* End PBXFileReference section */

/* Begin PBXFrameworksBuildPhase section */
		BE3643051A93967300309467 /* Frameworks */ = {
			isa = PBXFrameworksBuildPhase;
			buildActionMask = 2147483647;
			files = (
			);
			runOnlyForDeploymentPostprocessing = 0;
		};
		BE36431D1A93967300309467 /* Frameworks */ = {
			isa = PBXFrameworksBuildPhase;
			buildActionMask = 2147483647;
			files = (
			);
			runOnlyForDeploymentPostprocessing = 0;
		};
/* End PBXFrameworksBuildPhase section */

/* Begin PBXGroup section */
		BE3642FF1A93967300309467 = {
			isa = PBXGroup;
			children = (
				BE36430A1A93967300309467 /* HitList */,
				BE3643231A93967300309467 /* HitListTests */,
				BE3643091A93967300309467 /* Products */,
			);
			sourceTree = "<group>";
		};
		BE3643091A93967300309467 /* Products */ = {
			isa = PBXGroup;
			children = (
				BE3643081A93967300309467 /* HitList.app */,
				BE3643201A93967300309467 /* HitListTests.xctest */,
			);
			name = Products;
			sourceTree = "<group>";
		};
		BE36430A1A93967300309467 /* HitList */ = {
			isa = PBXGroup;
			children = (
				BE8441741A962356005B0C08 /* CoreDataStack.swift */,
				BE36430D1A93967300309467 /* AppDelegate.swift */,
				BE3643121A93967300309467 /* ViewController.swift */,
				BE3643141A93967300309467 /* Main.storyboard */,
				BE3643171A93967300309467 /* Images.xcassets */,
				BE3643191A93967300309467 /* LaunchScreen.xib */,
				BE36430F1A93967300309467 /* HitList.xcdatamodeld */,
				BE36430B1A93967300309467 /* Supporting Files */,
			);
			path = HitList;
			sourceTree = "<group>";
		};
		BE36430B1A93967300309467 /* Supporting Files */ = {
			isa = PBXGroup;
			children = (
				BE36430C1A93967300309467 /* Info.plist */,
			);
			name = "Supporting Files";
			sourceTree = "<group>";
		};
		BE3643231A93967300309467 /* HitListTests */ = {
			isa = PBXGroup;
			children = (
				BE3643261A93967300309467 /* HitListTests.swift */,
				BE3643241A93967300309467 /* Supporting Files */,
			);
			path = HitListTests;
			sourceTree = "<group>";
		};
		BE3643241A93967300309467 /* Supporting Files */ = {
			isa = PBXGroup;
			children = (
				BE3643251A93967300309467 /* Info.plist */,
			);
			name = "Supporting Files";
			sourceTree = "<group>";
		};
/* End PBXGroup section */

/* Begin PBXNativeTarget section */
		BE3643071A93967300309467 /* HitList */ = {
			isa = PBXNativeTarget;
			buildConfigurationList = BE36432A1A93967300309467 /* Build configuration list for PBXNativeTarget "HitList" */;
			buildPhases = (
				BE3643041A93967300309467 /* Sources */,
				BE3643051A93967300309467 /* Frameworks */,
				BE3643061A93967300309467 /* Resources */,
			);
			buildRules = (
			);
			dependencies = (
			);
			name = HitList;
			productName = HitList;
			productReference = BE3643081A93967300309467 /* HitList.app */;
			productType = "com.apple.product-type.application";
		};
		BE36431F1A93967300309467 /* HitListTests */ = {
			isa = PBXNativeTarget;
			buildConfigurationList = BE36432D1A93967300309467 /* Build configuration list for PBXNativeTarget "HitListTests" */;
			buildPhases = (
				BE36431C1A93967300309467 /* Sources */,
				BE36431D1A93967300309467 /* Frameworks */,
				BE36431E1A93967300309467 /* Resources */,
			);
			buildRules = (
			);
			dependencies = (
				BE3643221A93967300309467 /* PBXTargetDependency */,
			);
			name = HitListTests;
			productName = HitListTests;
			productReference = BE3643201A93967300309467 /* HitListTests.xctest */;
			productType = "com.apple.product-type.bundle.unit-test";
		};
/* End PBXNativeTarget section */

/* Begin PBXProject section */
		BE3643001A93967300309467 /* Project object */ = {
			isa = PBXProject;
			attributes = {
				LastUpgradeCheck = 0610;
				ORGANIZATIONNAME = "James Nocentini";
				TargetAttributes = {
					BE3643071A93967300309467 = {
						CreatedOnToolsVersion = 6.1;
					};
					BE36431F1A93967300309467 = {
						CreatedOnToolsVersion = 6.1;
						TestTargetID = BE3643071A93967300309467;
					};
				};
			};
			buildConfigurationList = BE3643031A93967300309467 /* Build configuration list for PBXProject "HitList" */;
			compatibilityVersion = "Xcode 3.2";
			developmentRegion = English;
			hasScannedForEncodings = 0;
			knownRegions = (
				en,
				Base,
			);
			mainGroup = BE3642FF1A93967300309467;
			productRefGroup = BE3643091A93967300309467 /* Products */;
			projectDirPath = "";
			projectRoot = "";
			targets = (
				BE3643071A93967300309467 /* HitList */,
				BE36431F1A93967300309467 /* HitListTests */,
			);
		};
/* End PBXProject section */

/* Begin PBXResourcesBuildPhase section */
		BE3643061A93967300309467 /* Resources */ = {
			isa = PBXResourcesBuildPhase;
			buildActionMask = 2147483647;
			files = (
				BE3643161A93967300309467 /* Main.storyboard in Resources */,
				BE36431B1A93967300309467 /* LaunchScreen.xib in Resources */,
				BE3643181A93967300309467 /* Images.xcassets in Resources */,
			);
			runOnlyForDeploymentPostprocessing = 0;
		};
		BE36431E1A93967300309467 /* Resources */ = {
			isa = PBXResourcesBuildPhase;
			buildActionMask = 2147483647;
			files = (
			);
			runOnlyForDeploymentPostprocessing = 0;
		};
/* End PBXResourcesBuildPhase section */

/* Begin PBXSourcesBuildPhase section */
		BE3643041A93967300309467 /* Sources */ = {
			isa = PBXSourcesBuildPhase;
			buildActionMask = 2147483647;
			files = (
				BE3643131A93967300309467 /* ViewController.swift in Sources */,
				BE36430E1A93967300309467 /* AppDelegate.swift in Sources */,
				BE3643111A93967300309467 /* HitList.xcdatamodeld in Sources */,
				BE8441751A962356005B0C08 /* CoreDataStack.swift in Sources */,
			);
			runOnlyForDeploymentPostprocessing = 0;
		};
		BE36431C1A93967300309467 /* Sources */ = {
			isa = PBXSourcesBuildPhase;
			buildActionMask = 2147483647;
			files = (
				BE3643271A93967300309467 /* HitListTests.swift in Sources */,
			);
			runOnlyForDeploymentPostprocessing = 0;
		};
/* End PBXSourcesBuildPhase section */

/* Begin PBXTargetDependency section */
		BE3643221A93967300309467 /* PBXTargetDependency */ = {
			isa = PBXTargetDependency;
			target = BE3643071A93967300309467 /* HitList */;
			targetProxy = BE3643211A93967300309467 /* PBXContainerItemProxy */;
		};
/* End PBXTargetDependency section */

/* Begin PBXVariantGroup section */
		BE3643141A93967300309467 /* Main.storyboard */ = {
			isa = PBXVariantGroup;
			children = (
				BE3643151A93967300309467 /* Base */,
			);
			name = Main.storyboard;
			sourceTree = "<group>";
		};
		BE3643191A93967300309467 /* LaunchScreen.xib */ = {
			isa = PBXVariantGroup;
			children = (
				BE36431A1A93967300309467 /* Base */,
			);
			name = LaunchScreen.xib;
			sourceTree = "<group>";
		};
/* End PBXVariantGroup section */

/* Begin XCBuildConfiguration section */
		BE3643281A93967300309467 /* Debug */ = {
			isa = XCBuildConfiguration;
			buildSettings = {
				ALWAYS_SEARCH_USER_PATHS = NO;
				CLANG_CXX_LANGUAGE_STANDARD = "gnu++0x";
				CLANG_CXX_LIBRARY = "libc++";
				CLANG_ENABLE_MODULES = YES;
				CLANG_ENABLE_OBJC_ARC = YES;
				CLANG_WARN_BOOL_CONVERSION = YES;
				CLANG_WARN_CONSTANT_CONVERSION = YES;
				CLANG_WARN_DIRECT_OBJC_ISA_USAGE = YES_ERROR;
				CLANG_WARN_EMPTY_BODY = YES;
				CLANG_WARN_ENUM_CONVERSION = YES;
				CLANG_WARN_INT_CONVERSION = YES;
				CLANG_WARN_OBJC_ROOT_CLASS = YES_ERROR;
				CLANG_WARN_UNREACHABLE_CODE = YES;
				CLANG_WARN__DUPLICATE_METHOD_MATCH = YES;
				"CODE_SIGN_IDENTITY[sdk=iphoneos*]" = "iPhone Developer";
				COPY_PHASE_STRIP = NO;
				ENABLE_STRICT_OBJC_MSGSEND = YES;
				GCC_C_LANGUAGE_STANDARD = gnu99;
				GCC_DYNAMIC_NO_PIC = NO;
				GCC_OPTIMIZATION_LEVEL = 0;
				GCC_PREPROCESSOR_DEFINITIONS = (
					"DEBUG=1",
					"$(inherited)",
				);
				GCC_SYMBOLS_PRIVATE_EXTERN = NO;
				GCC_WARN_64_TO_32_BIT_CONVERSION = YES;
				GCC_WARN_ABOUT_RETURN_TYPE = YES_ERROR;
				GCC_WARN_UNDECLARED_SELECTOR = YES;
				GCC_WARN_UNINITIALIZED_AUTOS = YES_AGGRESSIVE;
				GCC_WARN_UNUSED_FUNCTION = YES;
				GCC_WARN_UNUSED_VARIABLE = YES;
				IPHONEOS_DEPLOYMENT_TARGET = 8.1;
				MTL_ENABLE_DEBUG_INFO = YES;
				ONLY_ACTIVE_ARCH = YES;
				SDKROOT = iphoneos;
				SWIFT_OPTIMIZATION_LEVEL = "-Onone";
				TARGETED_DEVICE_FAMILY = "1,2";
			};
			name = Debug;
		};
		BE3643291A93967300309467 /* Release */ = {
			isa = XCBuildConfiguration;
			buildSettings = {
				ALWAYS_SEARCH_USER_PATHS = NO;
				CLANG_CXX_LANGUAGE_STANDARD = "gnu++0x";
				CLANG_CXX_LIBRARY = "libc++";
				CLANG_ENABLE_MODULES = YES;
				CLANG_ENABLE_OBJC_ARC = YES;
				CLANG_WARN_BOOL_CONVERSION = YES;
				CLANG_WARN_CONSTANT_CONVERSION = YES;
				CLANG_WARN_DIRECT_OBJC_ISA_USAGE = YES_ERROR;
				CLANG_WARN_EMPTY_BODY = YES;
				CLANG_WARN_ENUM_CONVERSION = YES;
				CLANG_WARN_INT_CONVERSION = YES;
				CLANG_WARN_OBJC_ROOT_CLASS = YES_ERROR;
				CLANG_WARN_UNREACHABLE_CODE = YES;
				CLANG_WARN__DUPLICATE_METHOD_MATCH = YES;
				"CODE_SIGN_IDENTITY[sdk=iphoneos*]" = "iPhone Developer";
				COPY_PHASE_STRIP = YES;
				ENABLE_NS_ASSERTIONS = NO;
				ENABLE_STRICT_OBJC_MSGSEND = YES;
				GCC_C_LANGUAGE_STANDARD = gnu99;
				GCC_WARN_64_TO_32_BIT_CONVERSION = YES;
				GCC_WARN_ABOUT_RETURN_TYPE = YES_ERROR;
				GCC_WARN_UNDECLARED_SELECTOR = YES;
				GCC_WARN_UNINITIALIZED_AUTOS = YES_AGGRESSIVE;
				GCC_WARN_UNUSED_FUNCTION = YES;
				GCC_WARN_UNUSED_VARIABLE = YES;
				IPHONEOS_DEPLOYMENT_TARGET = 8.1;
				MTL_ENABLE_DEBUG_INFO = NO;
				SDKROOT = iphoneos;
				TARGETED_DEVICE_FAMILY = "1,2";
				VALIDATE_PRODUCT = YES;
			};
			name = Release;
		};
		BE36432B1A93967300309467 /* Debug */ = {
			isa = XCBuildConfiguration;
			buildSettings = {
				ASSETCATALOG_COMPILER_APPICON_NAME = AppIcon;
				INFOPLIST_FILE = HitList/Info.plist;
				LD_RUNPATH_SEARCH_PATHS = "$(inherited) @executable_path/Frameworks";
				PRODUCT_NAME = "$(TARGET_NAME)";
			};
			name = Debug;
		};
		BE36432C1A93967300309467 /* Release */ = {
			isa = XCBuildConfiguration;
			buildSettings = {
				ASSETCATALOG_COMPILER_APPICON_NAME = AppIcon;
				INFOPLIST_FILE = HitList/Info.plist;
				LD_RUNPATH_SEARCH_PATHS = "$(inherited) @executable_path/Frameworks";
				PRODUCT_NAME = "$(TARGET_NAME)";
			};
			name = Release;
		};
		BE36432E1A93967300309467 /* Debug */ = {
			isa = XCBuildConfiguration;
			buildSettings = {
				BUNDLE_LOADER = "$(TEST_HOST)";
				FRAMEWORK_SEARCH_PATHS = (
					"$(SDKROOT)/Developer/Library/Frameworks",
					"$(inherited)",
				);
				GCC_PREPROCESSOR_DEFINITIONS = (
					"DEBUG=1",
					"$(inherited)",
				);
				INFOPLIST_FILE = HitListTests/Info.plist;
				LD_RUNPATH_SEARCH_PATHS = "$(inherited) @executable_path/Frameworks @loader_path/Frameworks";
				PRODUCT_NAME = "$(TARGET_NAME)";
				TEST_HOST = "$(BUILT_PRODUCTS_DIR)/HitList.app/HitList";
			};
			name = Debug;
		};
		BE36432F1A93967300309467 /* Release */ = {
			isa = XCBuildConfiguration;
			buildSettings = {
				BUNDLE_LOADER = "$(TEST_HOST)";
				FRAMEWORK_SEARCH_PATHS = (
					"$(SDKROOT)/Developer/Library/Frameworks",
					"$(inherited)",
				);
				INFOPLIST_FILE = HitListTests/Info.plist;
				LD_RUNPATH_SEARCH_PATHS = "$(inherited) @executable_path/Frameworks @loader_path/Frameworks";
				PRODUCT_NAME = "$(TARGET_NAME)";
				TEST_HOST = "$(BUILT_PRODUCTS_DIR)/HitList.app/HitList";
			};
			name = Release;
		};
/* End XCBuildConfiguration section */

/* Begin XCConfigurationList section */
		BE3643031A93967300309467 /* Build configuration list for PBXProject "HitList" */ = {
			isa = XCConfigurationList;
			buildConfigurations = (
				BE3643281A93967300309467 /* Debug */,
				BE3643291A93967300309467 /* Release */,
			);
			defaultConfigurationIsVisible = 0;
			defaultConfigurationName = Release;
		};
		BE36432A1A93967300309467 /* Build configuration list for PBXNativeTarget "HitList" */ = {
			isa = XCConfigurationList;
			buildConfigurations = (
				BE36432B1A93967300309467 /* Debug */,
				BE36432C1A93967300309467 /* Release */,
			);
			defaultConfigurationIsVisible = 0;
			defaultConfigurationName = Release;
		};
		BE36432D1A93967300309467 /* Build configuration list for PBXNativeTarget "HitListTests" */ = {
			isa = XCConfigurationList;
			buildConfigurations = (
				BE36432E1A93967300309467 /* Debug */,
				BE36432F1A93967300309467 /* Release */,
			);
			defaultConfigurationIsVisible = 0;
			defaultConfigurationName = Release;
		};
/* End XCConfigurationList section */

/* Begin XCVersionGroup section */
		BE36430F1A93967300309467 /* HitList.xcdatamodeld */ = {
			isa = XCVersionGroup;
			children = (
				BE3643101A93967300309467 /* HitList.xcdatamodel */,
			);
			currentVersion = BE3643101A93967300309467 /* HitList.xcdatamodel */;
			path = HitList.xcdatamodeld;
			sourceTree = "<group>";
			versionGroupType = wrapper.xcdatamodel;
		};
/* End XCVersionGroup section */
	};
	rootObject = BE3643001A93967300309467 /* Project object */;
}
